
Microsoft Visual Studio Solution File, Format Version 12.00
# Visual Studio Version 17
VisualStudioVersion = 17.1.32407.343
MinimumVisualStudioVersion = 10.0.40219.1
Project("{FAE04EC0-301F-11D3-BF4B-00C04F79EFBC}") = "Steam Api Documentation", "Steam Api Documentation\Steam Api Documentation.csproj", "{3DBBE3F9-B288-492D-9F34-698AD3542811}"
EndProject
Global
	GlobalSection(SolutionConfigurationPlatforms) = preSolution
		Debug|Any CPU = Debug|Any CPU
		Release|Any CPU = Release|Any CPU
	EndGlobalSection
	GlobalSection(ProjectConfigurationPlatforms) = postSolution
		{3DBBE3F9-B288-492D-9F34-698AD3542811}.Debug|Any CPU.ActiveCfg = Debug|Any CPU
		{3DBBE3F9-B288-492D-9F34-698AD3542811}.Debug|Any CPU.Build.0 = Debug|Any CPU
		{3DBBE3F9-B288-492D-9F34-698AD3542811}.Release|Any CPU.ActiveCfg = Release|Any CPU
		{3DBBE3F9-B288-492D-9F34-698AD3542811}.Release|Any CPU.Build.0 = Release|Any CPU
	EndGlobalSection
	GlobalSection(SolutionProperties) = preSolution
		HideSolutionNode = FALSE
	EndGlobalSection
	GlobalSection(ExtensibilityGlobals) = postSolution
		SolutionGuid = {C008DEA4-ADD4-44C3-A5FB-B6868219D6C1}
	EndGlobalSection
EndGlobal
